
Microsoft Visual Studio Solution File, Format Version 12.00
# Visual Studio Version 16
VisualStudioVersion = 16.0.29306.81
MinimumVisualStudioVersion = 10.0.40219.1
Project("{FAE04EC0-301F-11D3-BF4B-00C04F79EFBC}") = "InsertDataUsingApi.Android", "InsertDataUsingApi\InsertDataUsingApi.Android\InsertDataUsingApi.Android.csproj", "{815C33EE-B8BC-485F-8443-0325EE7D8424}"
EndProject
Project("{FAE04EC0-301F-11D3-BF4B-00C04F79EFBC}") = "InsertDataUsingApi.iOS", "InsertDataUsingApi\InsertDataUsingApi.iOS\InsertDataUsingApi.iOS.csproj", "{F0C1A468-C6A8-47DB-B265-D81BC502B65D}"
EndProject
Project("{FAE04EC0-301F-11D3-BF4B-00C04F79EFBC}") = "InsertDataUsingApi", "InsertDataUsingApi\InsertDataUsingApi\InsertDataUsingApi.csproj", "{D9E6ECE5-AC51-472B-B277-B82C693A32E7}"
EndProject
Global
	GlobalSection(SolutionConfigurationPlatforms) = preSolution
		Debug|Any CPU = Debug|Any CPU
		Debug|iPhone = Debug|iPhone
		Debug|iPhoneSimulator = Debug|iPhoneSimulator
		Release|Any CPU = Release|Any CPU
		Release|iPhone = Release|iPhone
		Release|iPhoneSimulator = Release|iPhoneSimulator
	EndGlobalSection
	GlobalSection(ProjectConfigurationPlatforms) = postSolution
		{815C33EE-B8BC-485F-8443-0325EE7D8424}.Debug|Any CPU.ActiveCfg = Debug|Any CPU
		{815C33EE-B8BC-485F-8443-0325EE7D8424}.Debug|Any CPU.Build.0 = Debug|Any CPU
		{815C33EE-B8BC-485F-8443-0325EE7D8424}.Debug|Any CPU.Deploy.0 = Debug|Any CPU
		{815C33EE-B8BC-485F-8443-0325EE7D8424}.Debug|iPhone.ActiveCfg = Debug|Any CPU
		{815C33EE-B8BC-485F-8443-0325EE7D8424}.Debug|iPhone.Build.0 = Debug|Any CPU
		{815C33EE-B8BC-485F-8443-0325EE7D8424}.Debug|iPhone.Deploy.0 = Debug|Any CPU
		{815C33EE-B8BC-485F-8443-0325EE7D8424}.Debug|iPhoneSimulator.ActiveCfg = Debug|Any CPU
		{815C33EE-B8BC-485F-8443-0325EE7D8424}.Debug|iPhoneSimulator.Build.0 = Debug|Any CPU
		{815C33EE-B8BC-485F-8443-0325EE7D8424}.Debug|iPhoneSimulator.Deploy.0 = Debug|Any CPU
		{815C33EE-B8BC-485F-8443-0325EE7D8424}.Release|Any CPU.ActiveCfg = Release|Any CPU
		{815C33EE-B8BC-485F-8443-0325EE7D8424}.Release|Any CPU.Build.0 = Release|Any CPU
		{815C33EE-B8BC-485F-8443-0325EE7D8424}.Release|Any CPU.Deploy.0 = Release|Any CPU
		{815C33EE-B8BC-485F-8443-0325EE7D8424}.Release|iPhone.ActiveCfg = Release|Any CPU
		{815C33EE-B8BC-485F-8443-0325EE7D8424}.Release|iPhone.Build.0 = Release|Any CPU
		{815C33EE-B8BC-485F-8443-0325EE7D8424}.Release|iPhone.Deploy.0 = Release|Any CPU
		{815C33EE-B8BC-485F-8443-0325EE7D8424}.Release|iPhoneSimulator.ActiveCfg = Release|Any CPU
		{815C33EE-B8BC-485F-8443-0325EE7D8424}.Release|iPhoneSimulator.Build.0 = Release|Any CPU
		{815C33EE-B8BC-485F-8443-0325EE7D8424}.Release|iPhoneSimulator.Deploy.0 = Release|Any CPU
		{F0C1A468-C6A8-47DB-B265-D81BC502B65D}.Debug|Any CPU.ActiveCfg = Debug|iPhoneSimulator
		{F0C1A468-C6A8-47DB-B265-D81BC502B65D}.Debug|Any CPU.Build.0 = Debug|iPhoneSimulator
		{F0C1A468-C6A8-47DB-B265-D81BC502B65D}.Debug|Any CPU.Deploy.0 = Debug|iPhoneSimulator
		{F0C1A468-C6A8-47DB-B265-D81BC502B65D}.Debug|iPhone.ActiveCfg = Debug|iPhone
		{F0C1A468-C6A8-47DB-B265-D81BC502B65D}.Debug|iPhone.Build.0 = Debug|iPhone
		{F0C1A468-C6A8-47DB-B265-D81BC502B65D}.Debug|iPhone.Deploy.0 = Debug|iPhone
		{F0C1A468-C6A8-47DB-B265-D81BC502B65D}.Debug|iPhoneSimulator.ActiveCfg = Debug|iPhoneSimulator
		{F0C1A468-C6A8-47DB-B265-D81BC502B65D}.Debug|iPhoneSimulator.Build.0 = Debug|iPhoneSimulator
		{F0C1A468-C6A8-47DB-B265-D81BC502B65D}.Debug|iPhoneSimulator.Deploy.0 = Debug|iPhoneSimulator
		{F0C1A468-C6A8-47DB-B265-D81BC502B65D}.Release|Any CPU.ActiveCfg = Release|iPhone
		{F0C1A468-C6A8-47DB-B265-D81BC502B65D}.Release|Any CPU.Build.0 = Release|iPhone
		{F0C1A468-C6A8-47DB-B265-D81BC502B65D}.Release|Any CPU.Deploy.0 = Release|iPhone
		{F0C1A468-C6A8-47DB-B265-D81BC502B65D}.Release|iPhone.ActiveCfg = Release|iPhone
		{F0C1A468-C6A8-47DB-B265-D81BC502B65D}.Release|iPhone.Build.0 = Release|iPhone
		{F0C1A468-C6A8-47DB-B265-D81BC502B65D}.Release|iPhone.Deploy.0 = Release|iPhone
		{F0C1A468-C6A8-47DB-B265-D81BC502B65D}.Release|iPhoneSimulator.ActiveCfg = Release|iPhoneSimulator
		{F0C1A468-C6A8-47DB-B265-D81BC502B65D}.Release|iPhoneSimulator.Build.0 = Release|iPhoneSimulator
		{F0C1A468-C6A8-47DB-B265-D81BC502B65D}.Release|iPhoneSimulator.Deploy.0 = Release|iPhoneSimulator
		{D9E6ECE5-AC51-472B-B277-B82C693A32E7}.Debug|Any CPU.ActiveCfg = Debug|Any CPU
		{D9E6ECE5-AC51-472B-B277-B82C693A32E7}.Debug|Any CPU.Build.0 = Debug|Any CPU
		{D9E6ECE5-AC51-472B-B277-B82C693A32E7}.Debug|Any CPU.Deploy.0 = Debug|Any CPU
		{D9E6ECE5-AC51-472B-B277-B82C693A32E7}.Debug|iPhone.ActiveCfg = Debug|Any CPU
		{D9E6ECE5-AC51-472B-B277-B82C693A32E7}.Debug|iPhone.Build.0 = Debug|Any CPU
		{D9E6ECE5-AC51-472B-B277-B82C693A32E7}.Debug|iPhone.Deploy.0 = Debug|Any CPU
		{D9E6ECE5-AC51-472B-B277-B82C693A32E7}.Debug|iPhoneSimulator.ActiveCfg = Debug|Any CPU
		{D9E6ECE5-AC51-472B-B277-B82C693A32E7}.Debug|iPhoneSimulator.Build.0 = Debug|Any CPU
		{D9E6ECE5-AC51-472B-B277-B82C693A32E7}.Debug|iPhoneSimulator.Deploy.0 = Debug|Any CPU
		{D9E6ECE5-AC51-472B-B277-B82C693A32E7}.Release|Any CPU.ActiveCfg = Release|Any CPU
		{D9E6ECE5-AC51-472B-B277-B82C693A32E7}.Release|Any CPU.Build.0 = Release|Any CPU
		{D9E6ECE5-AC51-472B-B277-B82C693A32E7}.Release|Any CPU.Deploy.0 = Release|Any CPU
		{D9E6ECE5-AC51-472B-B277-B82C693A32E7}.Release|iPhone.ActiveCfg = Release|Any CPU
		{D9E6ECE5-AC51-472B-B277-B82C693A32E7}.Release|iPhone.Build.0 = Release|Any CPU
		{D9E6ECE5-AC51-472B-B277-B82C693A32E7}.Release|iPhone.Deploy.0 = Release|Any CPU
		{D9E6ECE5-AC51-472B-B277-B82C693A32E7}.Release|iPhoneSimulator.ActiveCfg = Release|Any CPU
		{D9E6ECE5-AC51-472B-B277-B82C693A32E7}.Release|iPhoneSimulator.Build.0 = Release|Any CPU
		{D9E6ECE5-AC51-472B-B277-B82C693A32E7}.Release|iPhoneSimulator.Deploy.0 = Release|Any CPU
	EndGlobalSection
	GlobalSection(SolutionProperties) = preSolution
		HideSolutionNode = FALSE
	EndGlobalSection
	GlobalSection(ExtensibilityGlobals) = postSolution
		SolutionGuid = {D2237792-2607-44C4-ABD2-A421D7C9AC75}
	EndGlobalSection
EndGlobal
